
Microsoft Visual Studio Solution File, Format Version 12.00
# Visual Studio 15
VisualStudioVersion = 15.0.27428.2015
MinimumVisualStudioVersion = 10.0.40219.1
Project("{8BC9CEB8-8B4A-11D0-8D11-00A0C91BC942}") = "YoonC02", "YoonC02\YoonC02.vcxproj", "{B6039556-6C1E-45A8-8DF2-A269D11BAE05}"
EndProject
Global
	GlobalSection(SolutionConfigurationPlatforms) = preSolution
		Debug|x64 = Debug|x64
		Debug|x86 = Debug|x86
		Release|x64 = Release|x64
		Release|x86 = Release|x86
	EndGlobalSection
	GlobalSection(ProjectConfigurationPlatforms) = postSolution
		{B6039556-6C1E-45A8-8DF2-A269D11BAE05}.Debug|x64.ActiveCfg = Debug|x64
		{B6039556-6C1E-45A8-8DF2-A269D11BAE05}.Debug|x64.Build.0 = Debug|x64
		{B6039556-6C1E-45A8-8DF2-A269D11BAE05}.Debug|x86.ActiveCfg = Debug|Win32
		{B6039556-6C1E-45A8-8DF2-A269D11BAE05}.Debug|x86.Build.0 = Debug|Win32
		{B6039556-6C1E-45A8-8DF2-A269D11BAE05}.Release|x64.ActiveCfg = Release|x64
		{B6039556-6C1E-45A8-8DF2-A269D11BAE05}.Release|x64.Build.0 = Release|x64
		{B6039556-6C1E-45A8-8DF2-A269D11BAE05}.Release|x86.ActiveCfg = Release|Win32
		{B6039556-6C1E-45A8-8DF2-A269D11BAE05}.Release|x86.Build.0 = Release|Win32
	EndGlobalSection
	GlobalSection(SolutionProperties) = preSolution
		HideSolutionNode = FALSE
	EndGlobalSection
	GlobalSection(ExtensibilityGlobals) = postSolution
		SolutionGuid = {3C9B2D1C-1FAB-4844-855E-BD02690204BD}
	EndGlobalSection
EndGlobal
