<?xml version="1.0" encoding="utf-8"?>
<Project ToolsVersion="4.0" xmlns="http://schemas.microsoft.com/developer/msbuild/2003">
  <ItemGroup>
    <Filter Include="소스 파일">
      <UniqueIdentifier>{4FC737F1-C7A5-4376-A066-2A32D752A2FF}</UniqueIdentifier>
      <Extensions>cpp;c;cc;cxx;def;odl;idl;hpj;bat;asm;asmx</Extensions>
    </Filter>
    <Filter Include="헤더 파일">
      <UniqueIdentifier>{93995380-89BD-4b04-88EB-625FBE52EBFB}</UniqueIdentifier>
      <Extensions>h;hh;hpp;hxx;hm;inl;inc;ipp;xsd</Extensions>
    </Filter>
    <Filter Include="리소스 파일">
      <UniqueIdentifier>{67DA6AB6-F800-4c08-8B7A-83BB121AAD01}</UniqueIdentifier>
      <Extensions>rc;ico;cur;bmp;dlg;rc2;rct;bin;rgs;gif;jpg;jpeg;jpe;resx;tiff;tif;png;wav;mfcribbon-ms</Extensions>
    </Filter>
    <Filter Include="소스 파일\Chap15">
      <UniqueIdentifier>{f1cd2042-dc4d-4423-8e50-d0450061adfa}</UniqueIdentifier>
    </Filter>
    <Filter Include="소스 파일\Chap16">
      <UniqueIdentifier>{9784d870-befa-4c12-82df-378716a84eb6}</UniqueIdentifier>
    </Filter>
    <Filter Include="소스 파일\BaekJoon3">
      <UniqueIdentifier>{d9c4a289-8728-4be9-a7bd-69566c32c9ff}</UniqueIdentifier>
    </Filter>
  </ItemGroup>
  <ItemGroup>
    <ClCompile Include="C15_ex4_Palindrome.c">
      <Filter>소스 파일\Chap15</Filter>
    </ClCompile>
    <ClCompile Include="C15_ex1_OddnEven.c">
      <Filter>소스 파일\Chap15</Filter>
    </ClCompile>
    <ClCompile Include="C15_ex2_BinaryNum.c">
      <Filter>소스 파일\Chap15</Filter>
    </ClCompile>
    <ClCompile Include="C15_ex3_ShowOddEven.c">
      <Filter>소스 파일\Chap15</Filter>
    </ClCompile>
    <ClCompile Include="C15_ex5_BubbleSort.c">
      <Filter>소스 파일\Chap15</Filter>
    </ClCompile>
    <ClCompile Include="C16_p342.c">
      <Filter>소스 파일\Chap16</Filter>
    </ClCompile>
    <ClCompile Include="joon1_123.c">
      <Filter>소스 파일\BaekJoon3</Filter>
    </ClCompile>
    <ClCompile Include="joon0_123.c">
      <Filter>소스 파일\BaekJoon3</Filter>
    </ClCompile>
    <ClCompile Include="joon2_Rotto.c">
      <Filter>소스 파일\BaekJoon3</Filter>
    </ClCompile>
    <ClCompile Include="nPrnCr.c">
      <Filter>소스 파일\BaekJoon3</Filter>
    </ClCompile>
  </ItemGroup>
</Project>